
Microsoft Visual Studio Solution File, Format Version 12.00
# Visual Studio Version 16
VisualStudioVersion = 16.0.30104.148
MinimumVisualStudioVersion = 10.0.40219.1
Project("{FAE04EC0-301F-11D3-BF4B-00C04F79EFBC}") = "DattingApp.API", "DattingApp.API\DattingApp.API.csproj", "{0E67B42D-ABBF-4D1E-812C-5453D40AA28A}"
EndProject
Global
	GlobalSection(SolutionConfigurationPlatforms) = preSolution
		Debug|Any CPU = Debug|Any CPU
		Release|Any CPU = Release|Any CPU
	EndGlobalSection
	GlobalSection(ProjectConfigurationPlatforms) = postSolution
		{0E67B42D-ABBF-4D1E-812C-5453D40AA28A}.Debug|Any CPU.ActiveCfg = Debug|Any CPU
		{0E67B42D-ABBF-4D1E-812C-5453D40AA28A}.Debug|Any CPU.Build.0 = Debug|Any CPU
		{0E67B42D-ABBF-4D1E-812C-5453D40AA28A}.Release|Any CPU.ActiveCfg = Release|Any CPU
		{0E67B42D-ABBF-4D1E-812C-5453D40AA28A}.Release|Any CPU.Build.0 = Release|Any CPU
	EndGlobalSection
	GlobalSection(SolutionProperties) = preSolution
		HideSolutionNode = FALSE
	EndGlobalSection
	GlobalSection(ExtensibilityGlobals) = postSolution
		SolutionGuid = {B88144B6-1594-4B96-BBEB-0B6D61EEBD0D}
	EndGlobalSection
EndGlobal
